
Microsoft Visual Studio Solution File, Format Version 12.00
# Visual Studio Version 16
VisualStudioVersion = 16.0.31129.286
MinimumVisualStudioVersion = 10.0.40219.1
Project("{FAE04EC0-301F-11D3-BF4B-00C04F79EFBC}") = "UserAdd", "UserAdd\UserAdd.csproj", "{E4007A91-FAE5-4BD9-8E68-890D7A93363F}"
EndProject
Global
	GlobalSection(SolutionConfigurationPlatforms) = preSolution
		Debug|Any CPU = Debug|Any CPU
		Release|Any CPU = Release|Any CPU
	EndGlobalSection
	GlobalSection(ProjectConfigurationPlatforms) = postSolution
		{E4007A91-FAE5-4BD9-8E68-890D7A93363F}.Debug|Any CPU.ActiveCfg = Debug|Any CPU
		{E4007A91-FAE5-4BD9-8E68-890D7A93363F}.Debug|Any CPU.Build.0 = Debug|Any CPU
		{E4007A91-FAE5-4BD9-8E68-890D7A93363F}.Release|Any CPU.ActiveCfg = Release|Any CPU
		{E4007A91-FAE5-4BD9-8E68-890D7A93363F}.Release|Any CPU.Build.0 = Release|Any CPU
	EndGlobalSection
	GlobalSection(SolutionProperties) = preSolution
		HideSolutionNode = FALSE
	EndGlobalSection
	GlobalSection(ExtensibilityGlobals) = postSolution
		SolutionGuid = {49409F7F-5D99-431F-953B-E1D22A6ED2A7}
	EndGlobalSection
EndGlobal
